PODS:
  - connectivity_plus (0.0.1):
    - Flutter
    - FlutterMacOS
  - devicelocale (0.0.1):
    - Flutter
  - Flutter (1.0.0)
  - keyboard_emoji_picker (0.0.1):
    - Flutter
  - path_provider_foundation (0.0.1):
    - Flutter
    - FlutterMacOS
  - share (0.0.1):
    - Flutter
  - shared_preferences_foundation (0.0.1):
    - Flutter
    - FlutterMacOS

DEPENDENCIES:
  - connectivity_plus (from `.symlinks/plugins/connectivity_plus/darwin`)
  - devicelocale (from `.symlinks/plugins/devicelocale/ios`)
  - Flutter (from `Flutter`)
  - keyboard_emoji_picker (from `.symlinks/plugins/keyboard_emoji_picker/ios`)
  - path_provider_foundation (from `.symlinks/plugins/path_provider_foundation/darwin`)
  - share (from `.symlinks/plugins/share/ios`)
  - shared_preferences_foundation (from `.symlinks/plugins/shared_preferences_foundation/darwin`)

EXTERNAL SOURCES:
  connectivity_plus:
    :path: ".symlinks/plugins/connectivity_plus/darwin"
  devicelocale:
    :path: ".symlinks/plugins/devicelocale/ios"
  Flutter:
    :path: Flutter
  keyboard_emoji_picker:
    :path: ".symlinks/plugins/keyboard_emoji_picker/ios"
  path_provider_foundation:
    :path: ".symlinks/plugins/path_provider_foundation/darwin"
  share:
    :path: ".symlinks/plugins/share/ios"
  shared_preferences_foundation:
    :path: ".symlinks/plugins/shared_preferences_foundation/darwin"

SPEC CHECKSUMS:
  connectivity_plus: ddd7f30999e1faaef5967c23d5b6d503d10434db
  devicelocale: 35ba84dc7f45f527c3001535d8c8d104edd5d926
  Flutter: e0871f40cf51350855a761d2e70bf5af5b9b5de7
  keyboard_emoji_picker: efd8498af617ba0d1c5329406a0a8e5c7dd50b46
  path_provider_foundation: 2b6b4c569c0fb62ec74538f866245ac84301af46
  share: 0b2c3e82132f5888bccca3351c504d0003b3b410
  shared_preferences_foundation: fcdcbc04712aee1108ac7fda236f363274528f78

PODFILE CHECKSUM: 819463e6a0290f5a72f145ba7cde16e8b6ef0796

COCOAPODS: 1.15.2
