PODS:
  - devicelocale (0.0.1):
    - Flutter
  - Flutter (1.0.0)
  - flutter_keyboard_visibility (0.0.1):
    - Flutter
  - keyboard_emoji_picker (0.0.1):
    - Flutter
  - share (0.0.1):
    - Flutter

DEPENDENCIES:
  - devicelocale (from `.symlinks/plugins/devicelocale/ios`)
  - Flutter (from `Flutter`)
  - flutter_keyboard_visibility (from `.symlinks/plugins/flutter_keyboard_visibility/ios`)
  - keyboard_emoji_picker (from `.symlinks/plugins/keyboard_emoji_picker/ios`)
  - share (from `.symlinks/plugins/share/ios`)

EXTERNAL SOURCES:
  devicelocale:
    :path: ".symlinks/plugins/devicelocale/ios"
  Flutter:
    :path: Flutter
  flutter_keyboard_visibility:
    :path: ".symlinks/plugins/flutter_keyboard_visibility/ios"
  keyboard_emoji_picker:
    :path: ".symlinks/plugins/keyboard_emoji_picker/ios"
  share:
    :path: ".symlinks/plugins/share/ios"

SPEC CHECKSUMS:
  devicelocale: bd64aa714485a8afdaded0892c1e7d5b7f680cf8
  Flutter: cabc95a1d2626b1b06e7179b784ebcf0c0cde467
  flutter_keyboard_visibility: 4625131e43015dbbe759d9b20daaf77e0e3f6619
  keyboard_emoji_picker: 8bb10a5a1dc78df58d79a2d95394f9f8e3c1371a
  share: a34936589f3090d59481bcdc5c30cc9dd47c75f6

PODFILE CHECKSUM: 4f1c12611da7338d21589c0b2ecd6bd20b109694

COCOAPODS: 1.16.2
